
Microsoft Visual Studio Solution File, Format Version 12.00
# Visual Studio Version 16
VisualStudioVersion = 16.0.30717.126
MinimumVisualStudioVersion = 10.0.40219.1
Project("{FAE04EC0-301F-11D3-BF4B-00C04F79EFBC}") = "ex2", "ex2\ex2.csproj", "{DCD4E4F2-F173-482C-B169-B63CE17EA33A}"
EndProject
Global
	GlobalSection(SolutionConfigurationPlatforms) = preSolution
		Debug|Any CPU = Debug|Any CPU
		Release|Any CPU = Release|Any CPU
	EndGlobalSection
	GlobalSection(ProjectConfigurationPlatforms) = postSolution
		{DCD4E4F2-F173-482C-B169-B63CE17EA33A}.Debug|Any CPU.ActiveCfg = Debug|Any CPU
		{DCD4E4F2-F173-482C-B169-B63CE17EA33A}.Debug|Any CPU.Build.0 = Debug|Any CPU
		{DCD4E4F2-F173-482C-B169-B63CE17EA33A}.Release|Any CPU.ActiveCfg = Release|Any CPU
		{DCD4E4F2-F173-482C-B169-B63CE17EA33A}.Release|Any CPU.Build.0 = Release|Any CPU
	EndGlobalSection
	GlobalSection(SolutionProperties) = preSolution
		HideSolutionNode = FALSE
	EndGlobalSection
	GlobalSection(ExtensibilityGlobals) = postSolution
		SolutionGuid = {19B82135-EC22-4BF8-AD1B-CA78D5D6F74A}
	EndGlobalSection
EndGlobal
