
Microsoft Visual Studio Solution File, Format Version 12.00
# Visual Studio Version 16
VisualStudioVersion = 16.0.30717.126
MinimumVisualStudioVersion = 10.0.40219.1
Project("{FAE04EC0-301F-11D3-BF4B-00C04F79EFBC}") = "webMVCwith bd", "webMVCwith bd\webMVCwith bd.csproj", "{F141945E-CDA6-49ED-B719-7A5763935CA7}"
EndProject
Global
	GlobalSection(SolutionConfigurationPlatforms) = preSolution
		Debug|Any CPU = Debug|Any CPU
		Release|Any CPU = Release|Any CPU
	EndGlobalSection
	GlobalSection(ProjectConfigurationPlatforms) = postSolution
		{F141945E-CDA6-49ED-B719-7A5763935CA7}.Debug|Any CPU.ActiveCfg = Debug|Any CPU
		{F141945E-CDA6-49ED-B719-7A5763935CA7}.Debug|Any CPU.Build.0 = Debug|Any CPU
		{F141945E-CDA6-49ED-B719-7A5763935CA7}.Release|Any CPU.ActiveCfg = Release|Any CPU
		{F141945E-CDA6-49ED-B719-7A5763935CA7}.Release|Any CPU.Build.0 = Release|Any CPU
	EndGlobalSection
	GlobalSection(SolutionProperties) = preSolution
		HideSolutionNode = FALSE
	EndGlobalSection
	GlobalSection(ExtensibilityGlobals) = postSolution
		SolutionGuid = {AA49FA01-6CA9-4B7A-8B04-822F36B0BAF5}
	EndGlobalSection
EndGlobal
